{
  "name": "genai-node-demo",
  "version": "1.0.0",
  "lockfileVersion": 3,
  "requires": true,
  "packages": {
    "": {
      "name": "genai-node-demo",
      "version": "1.0.0",
      "license": "Apache-2.0",
      "devDependencies": {
        "genai-node": "../../../src/js/",
        "openvino-node": "../../../../openvino/src/bindings/js/node/"
      },
      "engines": {
        "node": ">=21.0.0"
      }
    },
    "../../../../openvino/src/bindings/js/node": {
      "name": "openvino-node",
      "version": "2024.6.0",
      "dev": true,
      "hasInstallScript": true,
      "license": "Apache-2.0",
      "os": [
        "win32",
        "darwin",
        "linux"
      ],
      "dependencies": {
        "gunzip-maybe": "^1.4.2",
        "https-proxy-agent": "^7.0.2",
        "tar-fs": "^3.0.4"
      },
      "devDependencies": {
        "@types/node": "^20.5.1",
        "@typescript-eslint/eslint-plugin": "^6.7.0",
        "@typescript-eslint/parser": "^6.7.0",
        "eslint": "^8.49.0",
        "mocha": "^10.6.0",
        "random-bigint": "^0.0.1",
        "typescript": "^5.0.4"
      },
      "engines": {
        "node": ">=21.0.0"
      }
    },
    "../../../src/js": {
      "name": "genai-node",
      "version": "2024.5.0-preview",
      "dev": true,
      "license": "Apache-2.0",
      "os": [
        "linux",
        "darwin",
        "win32"
      ],
      "dependencies": {
        "openvino-node": "^2024.6.0"
      },
      "devDependencies": {
        "@huggingface/hub": "^0.21.0",
        "global-agent": "^3.0.0",
        "node-fetch": "^3.3.2"
      },
      "engines": {
        "node": ">=21.0.0"
      }
    },
    "node_modules/genai-node": {
      "resolved": "../../../src/js",
      "link": true
    },
    "node_modules/openvino-node": {
      "resolved": "../../../../openvino/src/bindings/js/node",
      "link": true
    }
  }
}
