{
  "name": "genai-node",
  "version": "2024.5.0-preview",
  "lockfileVersion": 3,
  "requires": true,
  "packages": {
    "": {
      "name": "genai-node",
      "version": "2024.5.0-preview",
      "license": "Apache-2.0",
      "os": [
        "linux",
        "darwin",
        "win32"
      ],
      "engines": {
        "node": ">=21.0.0"
      }
    }
  }
}
