{
  "name": "genai-node-demo",
  "version": "1.0.0",
  "lockfileVersion": 3,
  "requires": true,
  "packages": {
    "": {
      "name": "genai-node-demo",
      "version": "1.0.0",
      "license": "Apache-2.0",
      "devDependencies": {
        "genai-node": "../../../src/js/"
      },
      "engines": {
        "node": ">=21.0.0"
      }
    },
    "../../../src/js": {
      "name": "genai-node",
      "version": "2024.5.0-preview",
      "dev": true,
      "license": "Apache-2.0",
      "os": [
        "linux",
        "darwin",
        "win32"
      ],
      "devDependencies": {
        "@huggingface/hub": "^0.21.0",
        "global-agent": "^3.0.0",
        "node-fetch": "^3.3.2"
      },
      "engines": {
        "node": ">=21.0.0"
      }
    },
    "node_modules/genai-node": {
      "resolved": "../../../src/js",
      "link": true
    }
  }
}
